
Microsoft Visual Studio Solution File, Format Version 12.00
# Visual Studio Version 17
VisualStudioVersion = 17.7.34018.315
MinimumVisualStudioVersion = 10.0.40219.1
Project("{FAE04EC0-301F-11D3-BF4B-00C04F79EFBC}") = "WpfChangePageTest", "WpfChangePageTest\WpfChangePageTest.csproj", "{5AFAE9DD-49DC-4D78-B0B3-4835666AA91A}"
EndProject
Project("{FAE04EC0-301F-11D3-BF4B-00C04F79EFBC}") = "Test", "Test\Test.csproj", "{5E05D44A-2664-42A4-AE8A-979A36CE81F8}"
EndProject
Project("{FAE04EC0-301F-11D3-BF4B-00C04F79EFBC}") = "WpfCustomControlLibrary1", "WpfCustomControlLibrary1\WpfCustomControlLibrary1.csproj", "{2806D215-930E-4808-B22D-B26A69F7FDF2}"
EndProject
Global
	GlobalSection(SolutionConfigurationPlatforms) = preSolution
		Debug|Any CPU = Debug|Any CPU
		Release|Any CPU = Release|Any CPU
	EndGlobalSection
	GlobalSection(ProjectConfigurationPlatforms) = postSolution
		{5AFAE9DD-49DC-4D78-B0B3-4835666AA91A}.Debug|Any CPU.ActiveCfg = Debug|Any CPU
		{5AFAE9DD-49DC-4D78-B0B3-4835666AA91A}.Debug|Any CPU.Build.0 = Debug|Any CPU
		{5AFAE9DD-49DC-4D78-B0B3-4835666AA91A}.Release|Any CPU.ActiveCfg = Release|Any CPU
		{5AFAE9DD-49DC-4D78-B0B3-4835666AA91A}.Release|Any CPU.Build.0 = Release|Any CPU
		{5E05D44A-2664-42A4-AE8A-979A36CE81F8}.Debug|Any CPU.ActiveCfg = Debug|Any CPU
		{5E05D44A-2664-42A4-AE8A-979A36CE81F8}.Debug|Any CPU.Build.0 = Debug|Any CPU
		{5E05D44A-2664-42A4-AE8A-979A36CE81F8}.Release|Any CPU.ActiveCfg = Release|Any CPU
		{5E05D44A-2664-42A4-AE8A-979A36CE81F8}.Release|Any CPU.Build.0 = Release|Any CPU
		{2806D215-930E-4808-B22D-B26A69F7FDF2}.Debug|Any CPU.ActiveCfg = Debug|Any CPU
		{2806D215-930E-4808-B22D-B26A69F7FDF2}.Debug|Any CPU.Build.0 = Debug|Any CPU
		{2806D215-930E-4808-B22D-B26A69F7FDF2}.Release|Any CPU.ActiveCfg = Release|Any CPU
		{2806D215-930E-4808-B22D-B26A69F7FDF2}.Release|Any CPU.Build.0 = Release|Any CPU
	EndGlobalSection
	GlobalSection(SolutionProperties) = preSolution
		HideSolutionNode = FALSE
	EndGlobalSection
	GlobalSection(ExtensibilityGlobals) = postSolution
		SolutionGuid = {A7314B82-A7A4-40E4-9067-1FF3882080CE}
	EndGlobalSection
EndGlobal
